{
  "name": "al-javascript",
  "version": "1.0.0",
  "lockfileVersion": 1,
  "requires": true,
  "dependencies": {
    "typed-adventureland": {
      "version": "file:../../typed-adventureland-0.0.1.tgz",
      "integrity": "sha512-7ZuG2Zp/wYJB6+E3cr+eJeZkniglXEE2FpQT7rjfIrRwT785uYcjaC2D2kjLSEYq68Fyllsu+ojJZP2vC1R+yQ=="
    }
  }
}
